
Microsoft Visual Studio Solution File, Format Version 12.00
# Visual Studio Version 16
VisualStudioVersion = 16.0.29403.142
MinimumVisualStudioVersion = 10.0.40219.1
Project("{FAE04EC0-301F-11D3-BF4B-00C04F79EFBC}") = "project", "project\project.csproj", "{635019F4-166F-43CF-9231-7A2CDAE6E900}"
EndProject
Global
	GlobalSection(SolutionConfigurationPlatforms) = preSolution
		Debug|Any CPU = Debug|Any CPU
		Release|Any CPU = Release|Any CPU
	EndGlobalSection
	GlobalSection(ProjectConfigurationPlatforms) = postSolution
		{635019F4-166F-43CF-9231-7A2CDAE6E900}.Debug|Any CPU.ActiveCfg = Debug|Any CPU
		{635019F4-166F-43CF-9231-7A2CDAE6E900}.Debug|Any CPU.Build.0 = Debug|Any CPU
		{635019F4-166F-43CF-9231-7A2CDAE6E900}.Release|Any CPU.ActiveCfg = Release|Any CPU
		{635019F4-166F-43CF-9231-7A2CDAE6E900}.Release|Any CPU.Build.0 = Release|Any CPU
	EndGlobalSection
	GlobalSection(SolutionProperties) = preSolution
		HideSolutionNode = FALSE
	EndGlobalSection
	GlobalSection(ExtensibilityGlobals) = postSolution
		SolutionGuid = {C16F8CBB-DA1C-4275-B0DA-B2EAB4F40A88}
	EndGlobalSection
EndGlobal
